
Microsoft Visual Studio Solution File, Format Version 12.00
# Visual Studio 15
VisualStudioVersion = 15.0.26430.14
MinimumVisualStudioVersion = 10.0.40219.1
Project("{9A19103F-16F7-4668-BE54-9A1E7A4F7556}") = "ObserverPattern", "ObserverPattern\ObserverPattern.csproj", "{5EDD39DE-4539-4BA5-83EE-9EF1070ABD17}"
EndProject
Project("{9A19103F-16F7-4668-BE54-9A1E7A4F7556}") = "StrategyPattern", "StrategyPattern\StrategyPattern.csproj", "{F4CCD8CA-AC2C-497B-8C71-D00F366FD9C1}"
EndProject
Project("{9A19103F-16F7-4668-BE54-9A1E7A4F7556}") = "DecoratorPattern", "DecoratorPattern\DecoratorPattern.csproj", "{22BCB995-1934-4FBC-94E8-E86DC0C69B37}"
EndProject
Project("{9A19103F-16F7-4668-BE54-9A1E7A4F7556}") = "SimpleFactoryPattern", "SimpleFactoryPattern\SimpleFactoryPattern.csproj", "{B6132993-2651-4914-A47B-5ED8B3AF7293}"
EndProject
Project("{9A19103F-16F7-4668-BE54-9A1E7A4F7556}") = "FactoryMethodPattern", "FactoryMethodPattern\FactoryMethodPattern.csproj", "{B1A56AD9-B2C1-4F5C-BBFB-11846D12B365}"
EndProject
Project("{9A19103F-16F7-4668-BE54-9A1E7A4F7556}") = "AbstractFactoryPattern", "AbstractFactoryPattern\AbstractFactoryPattern.csproj", "{39CA8C06-72A7-4285-A925-2033A0644A0C}"
EndProject
Project("{FAE04EC0-301F-11D3-BF4B-00C04F79EFBC}") = "SingletonPattern", "SingletonPattern\SingletonPattern.csproj", "{CF57B30F-A27D-46D2-93CE-7756DC3EDDF6}"
EndProject
Global
	GlobalSection(SolutionConfigurationPlatforms) = preSolution
		Debug|Any CPU = Debug|Any CPU
		Release|Any CPU = Release|Any CPU
	EndGlobalSection
	GlobalSection(ProjectConfigurationPlatforms) = postSolution
		{5EDD39DE-4539-4BA5-83EE-9EF1070ABD17}.Debug|Any CPU.ActiveCfg = Debug|Any CPU
		{5EDD39DE-4539-4BA5-83EE-9EF1070ABD17}.Debug|Any CPU.Build.0 = Debug|Any CPU
		{5EDD39DE-4539-4BA5-83EE-9EF1070ABD17}.Release|Any CPU.ActiveCfg = Release|Any CPU
		{5EDD39DE-4539-4BA5-83EE-9EF1070ABD17}.Release|Any CPU.Build.0 = Release|Any CPU
		{F4CCD8CA-AC2C-497B-8C71-D00F366FD9C1}.Debug|Any CPU.ActiveCfg = Debug|Any CPU
		{F4CCD8CA-AC2C-497B-8C71-D00F366FD9C1}.Debug|Any CPU.Build.0 = Debug|Any CPU
		{F4CCD8CA-AC2C-497B-8C71-D00F366FD9C1}.Release|Any CPU.ActiveCfg = Release|Any CPU
		{F4CCD8CA-AC2C-497B-8C71-D00F366FD9C1}.Release|Any CPU.Build.0 = Release|Any CPU
		{22BCB995-1934-4FBC-94E8-E86DC0C69B37}.Debug|Any CPU.ActiveCfg = Debug|Any CPU
		{22BCB995-1934-4FBC-94E8-E86DC0C69B37}.Debug|Any CPU.Build.0 = Debug|Any CPU
		{22BCB995-1934-4FBC-94E8-E86DC0C69B37}.Release|Any CPU.ActiveCfg = Release|Any CPU
		{22BCB995-1934-4FBC-94E8-E86DC0C69B37}.Release|Any CPU.Build.0 = Release|Any CPU
		{B6132993-2651-4914-A47B-5ED8B3AF7293}.Debug|Any CPU.ActiveCfg = Debug|Any CPU
		{B6132993-2651-4914-A47B-5ED8B3AF7293}.Debug|Any CPU.Build.0 = Debug|Any CPU
		{B6132993-2651-4914-A47B-5ED8B3AF7293}.Release|Any CPU.ActiveCfg = Release|Any CPU
		{B6132993-2651-4914-A47B-5ED8B3AF7293}.Release|Any CPU.Build.0 = Release|Any CPU
		{B1A56AD9-B2C1-4F5C-BBFB-11846D12B365}.Debug|Any CPU.ActiveCfg = Debug|Any CPU
		{B1A56AD9-B2C1-4F5C-BBFB-11846D12B365}.Debug|Any CPU.Build.0 = Debug|Any CPU
		{B1A56AD9-B2C1-4F5C-BBFB-11846D12B365}.Release|Any CPU.ActiveCfg = Release|Any CPU
		{B1A56AD9-B2C1-4F5C-BBFB-11846D12B365}.Release|Any CPU.Build.0 = Release|Any CPU
		{39CA8C06-72A7-4285-A925-2033A0644A0C}.Debug|Any CPU.ActiveCfg = Debug|Any CPU
		{39CA8C06-72A7-4285-A925-2033A0644A0C}.Debug|Any CPU.Build.0 = Debug|Any CPU
		{39CA8C06-72A7-4285-A925-2033A0644A0C}.Release|Any CPU.ActiveCfg = Release|Any CPU
		{39CA8C06-72A7-4285-A925-2033A0644A0C}.Release|Any CPU.Build.0 = Release|Any CPU
		{CF57B30F-A27D-46D2-93CE-7756DC3EDDF6}.Debug|Any CPU.ActiveCfg = Debug|Any CPU
		{CF57B30F-A27D-46D2-93CE-7756DC3EDDF6}.Debug|Any CPU.Build.0 = Debug|Any CPU
		{CF57B30F-A27D-46D2-93CE-7756DC3EDDF6}.Release|Any CPU.ActiveCfg = Release|Any CPU
		{CF57B30F-A27D-46D2-93CE-7756DC3EDDF6}.Release|Any CPU.Build.0 = Release|Any CPU
	EndGlobalSection
	GlobalSection(SolutionProperties) = preSolution
		HideSolutionNode = FALSE
	EndGlobalSection
EndGlobal
